<?xml version="1.0" encoding="utf-8"?>
<Project DefaultTargets="Build" ToolsVersion="3.5" xmlns="http://schemas.microsoft.com/developer/msbuild/2003">
  <PropertyGroup>
    <Configuration Condition=" '$(Configuration)' == '' ">Debug</Configuration>
    <Platform Condition=" '$(Platform)' == '' ">AnyCPU</Platform>
    <ProductVersion>9.0.21022</ProductVersion>
    <SchemaVersion>2.0</SchemaVersion>
    <ProjectGuid>{A3D69969-3DC2-47EF-AEF6-98DF52421C7C}</ProjectGuid>
    <PreferOneStepBuild>true</PreferOneStepBuild>
    <UseDefaultCompiler>true</UseDefaultCompiler>
    <IncrementalLinking>true</IncrementalLinking>
    <Compiler>LDC</Compiler>
    <BaseDirectory>..\src</BaseDirectory>
    <ReleaseVersion />
    <newfilesearch>OnLoadAutoInsert</newfilesearch>
  </PropertyGroup>
  <PropertyGroup Condition=" '$(Configuration)|$(Platform)' == 'Debug|AnyCPU' ">
    <DebugSymbols>true</DebugSymbols>
    <OutputPath>..\bin\Debug</OutputPath>
    <ObjectsDirectory>../obj/Debug</ObjectsDirectory>
    <UnittestMode>false</UnittestMode>
    <OutputName>piped</OutputName>
    <Target>StaticLibrary</Target>
    <Externalconsole>true</Externalconsole>
    <DebugLevel>0</DebugLevel>
    <Commandlineparameters>../../examples/gc_count/Homo_sapiens.GRCh37.67.dna_rm.chromosome.Y.fa</Commandlineparameters>
  </PropertyGroup>
  <PropertyGroup Condition=" '$(Configuration)|$(Platform)' == 'Release|AnyCPU' ">
    <OutputPath>..\bin\Release</OutputPath>
    <Externalconsole>true</Externalconsole>
    <Target>StaticLibrary</Target>
    <OutputName>piped</OutputName>
    <UnittestMode>false</UnittestMode>
    <ObjectsDirectory>../obj/Release</ObjectsDirectory>
    <DebugLevel>0</DebugLevel>
    <Commandlineparameters>../../Homo_sapiens.GRCh37.67.dna_rm.chromosome.Y.fa ../../Homo_sapiens.GRCh37.67.dna_rm.chromosome.Y.fa.gz</Commandlineparameters>
  </PropertyGroup>
  <PropertyGroup Condition=" '$(Configuration)|$(Platform)' == 'Unittest|AnyCPU' ">
    <DebugSymbols>true</DebugSymbols>
    <OutputPath>..\bin\Unittest</OutputPath>
    <ObjectsDirectory>../obj/Unittest</ObjectsDirectory>
    <UnittestMode>true</UnittestMode>
    <OutputName>piped</OutputName>
    <Target>StaticLibrary</Target>
    <Externalconsole>true</Externalconsole>
    <DebugLevel>0</DebugLevel>
  </PropertyGroup>
  <ProjectExtensions>
    <MonoDevelop>
      <Properties>
        <Policies>
          <TextStylePolicy FileWidth="120" TabWidth="3" IndentWidth="3" NoTabsAfterNonTabs="True" EolMarker="Unix" inheritsSet="Mono" inheritsScope="text/plain" scope="text/x-d" />
          <DFormattingPolicy IndentPastedCodeLines="False" inheritsSet="Mono" inheritsScope="text/x-d" scope="text/x-d" />
          <TextStylePolicy FileWidth="120" EolMarker="Unix" inheritsSet="Mono" inheritsScope="text/plain" scope="text/plain" />
        </Policies>
      </Properties>
    </MonoDevelop>
  </ProjectExtensions>
  <ItemGroup>
    <Compile Include="..\src\sys\memarch.d">
      <LastGenOutput>../obj/Debug/sys.memarch.o</LastGenOutput>
    </Compile>
    <Compile Include="..\src\piped\circularbuffer.d">
      <LastGenOutput>../obj/Debug/piped.circularbuffer.o</LastGenOutput>
    </Compile>
    <Compile Include="..\src\piped\threads.d">
      <LastGenOutput>../obj/Debug/piped.threads.o</LastGenOutput>
    </Compile>
    <Compile Include="..\src\piped\generic\consume.d">
      <LastGenOutput>../obj/Debug/piped.generic.consume.o</LastGenOutput>
    </Compile>
    <Compile Include="..\src\piped\text\lines.d">
      <LastGenOutput>../obj/Debug/piped.text.lines.o</LastGenOutput>
    </Compile>
    <Compile Include="..\src\util.d">
      <LastGenOutput>../obj/Debug/util.o</LastGenOutput>
    </Compile>
    <Compile Include="..\src\piped\compress\gzip.d">
      <LastGenOutput>../obj/Debug/piped.compress.gzip.o</LastGenOutput>
    </Compile>
    <Compile Include="..\src\piped\source\file.d">
      <LastGenOutput>../obj/Debug/piped.source.file.o</LastGenOutput>
    </Compile>
  </ItemGroup>
</Project>
